
Microsoft Visual Studio Solution File, Format Version 12.00
# Visual Studio Version 16
VisualStudioVersion = 16.0.31702.278
MinimumVisualStudioVersion = 10.0.40219.1
Project("{9A19103F-16F7-4668-BE54-9A1E7A4F7556}") = "Projeto1", "Projeto1.csproj", "{3C47E154-7B38-4E69-865E-906CED117247}"
EndProject
Project("{FAE04EC0-301F-11D3-BF4B-00C04F79EFBC}") = "Console.Xin", "..\Console.Xin\Console.Xin.csproj", "{A314C11B-ACA5-4EED-AEF0-5A45B07C3A2C}"
EndProject
Project("{FAE04EC0-301F-11D3-BF4B-00C04F79EFBC}") = "Projeto.XinWeb", "..\Projeto.XinWeb\Projeto.XinWeb.csproj", "{F4A52E72-A8A6-4097-BA17-6301F33847A3}"
EndProject
Global
	GlobalSection(SolutionConfigurationPlatforms) = preSolution
		Debug|Any CPU = Debug|Any CPU
		Release|Any CPU = Release|Any CPU
	EndGlobalSection
	GlobalSection(ProjectConfigurationPlatforms) = postSolution
		{3C47E154-7B38-4E69-865E-906CED117247}.Debug|Any CPU.ActiveCfg = Debug|Any CPU
		{3C47E154-7B38-4E69-865E-906CED117247}.Debug|Any CPU.Build.0 = Debug|Any CPU
		{3C47E154-7B38-4E69-865E-906CED117247}.Release|Any CPU.ActiveCfg = Release|Any CPU
		{3C47E154-7B38-4E69-865E-906CED117247}.Release|Any CPU.Build.0 = Release|Any CPU
		{A314C11B-ACA5-4EED-AEF0-5A45B07C3A2C}.Debug|Any CPU.ActiveCfg = Debug|Any CPU
		{A314C11B-ACA5-4EED-AEF0-5A45B07C3A2C}.Debug|Any CPU.Build.0 = Debug|Any CPU
		{A314C11B-ACA5-4EED-AEF0-5A45B07C3A2C}.Release|Any CPU.ActiveCfg = Release|Any CPU
		{A314C11B-ACA5-4EED-AEF0-5A45B07C3A2C}.Release|Any CPU.Build.0 = Release|Any CPU
		{F4A52E72-A8A6-4097-BA17-6301F33847A3}.Debug|Any CPU.ActiveCfg = Debug|Any CPU
		{F4A52E72-A8A6-4097-BA17-6301F33847A3}.Debug|Any CPU.Build.0 = Debug|Any CPU
		{F4A52E72-A8A6-4097-BA17-6301F33847A3}.Release|Any CPU.ActiveCfg = Release|Any CPU
		{F4A52E72-A8A6-4097-BA17-6301F33847A3}.Release|Any CPU.Build.0 = Release|Any CPU
	EndGlobalSection
	GlobalSection(SolutionProperties) = preSolution
		HideSolutionNode = FALSE
	EndGlobalSection
	GlobalSection(ExtensibilityGlobals) = postSolution
		SolutionGuid = {067AB684-17A7-4F8D-B140-32B56B0E09A9}
	EndGlobalSection
EndGlobal
